
Microsoft Visual Studio Solution File, Format Version 12.00
# Visual Studio Version 17
VisualStudioVersion = 17.4.33122.133
MinimumVisualStudioVersion = 10.0.40219.1
Project("{FAE04EC0-301F-11D3-BF4B-00C04F79EFBC}") = "Pr 3-4", "Pr 3-4\Pr 3-4.csproj", "{E5E70147-51BE-458E-BCB7-61AA920FF013}"
EndProject
Global
	GlobalSection(SolutionConfigurationPlatforms) = preSolution
		Debug|Any CPU = Debug|Any CPU
		Release|Any CPU = Release|Any CPU
	EndGlobalSection
	GlobalSection(ProjectConfigurationPlatforms) = postSolution
		{E5E70147-51BE-458E-BCB7-61AA920FF013}.Debug|Any CPU.ActiveCfg = Debug|Any CPU
		{E5E70147-51BE-458E-BCB7-61AA920FF013}.Debug|Any CPU.Build.0 = Debug|Any CPU
		{E5E70147-51BE-458E-BCB7-61AA920FF013}.Release|Any CPU.ActiveCfg = Release|Any CPU
		{E5E70147-51BE-458E-BCB7-61AA920FF013}.Release|Any CPU.Build.0 = Release|Any CPU
	EndGlobalSection
	GlobalSection(SolutionProperties) = preSolution
		HideSolutionNode = FALSE
	EndGlobalSection
	GlobalSection(ExtensibilityGlobals) = postSolution
		SolutionGuid = {2A3FBF5A-7D7E-458D-8590-135B126A62D5}
	EndGlobalSection
EndGlobal
